
Microsoft Visual Studio Solution File, Format Version 12.00
# Visual Studio Version 17
VisualStudioVersion = 17.1.32210.238
MinimumVisualStudioVersion = 10.0.40219.1
Project("{FAE04EC0-301F-11D3-BF4B-00C04F79EFBC}") = "PracticaAutomovil", "PracticaAutomovil\PracticaAutomovil.csproj", "{DD7BA749-9658-46B5-AD43-546B26C33744}"
EndProject
Global
	GlobalSection(SolutionConfigurationPlatforms) = preSolution
		Debug|Any CPU = Debug|Any CPU
		Release|Any CPU = Release|Any CPU
	EndGlobalSection
	GlobalSection(ProjectConfigurationPlatforms) = postSolution
		{DD7BA749-9658-46B5-AD43-546B26C33744}.Debug|Any CPU.ActiveCfg = Debug|Any CPU
		{DD7BA749-9658-46B5-AD43-546B26C33744}.Debug|Any CPU.Build.0 = Debug|Any CPU
		{DD7BA749-9658-46B5-AD43-546B26C33744}.Release|Any CPU.ActiveCfg = Release|Any CPU
		{DD7BA749-9658-46B5-AD43-546B26C33744}.Release|Any CPU.Build.0 = Release|Any CPU
	EndGlobalSection
	GlobalSection(SolutionProperties) = preSolution
		HideSolutionNode = FALSE
	EndGlobalSection
	GlobalSection(ExtensibilityGlobals) = postSolution
		SolutionGuid = {D64084ED-138C-4005-A30F-CB7DB3F1DB8B}
	EndGlobalSection
EndGlobal
